// !$*UTF8*$!
{
	archiveVersion = 1;
	classes = {
	};
	objectVersion = 51;
	objects = {

/* Begin PBXBuildFile section */
		0D56C1F7D2FA755014D2F469 /* Pods_NewsApp_Qulix.framework in Frameworks */ = {isa = PBXBuildFile; fileRef = 09213AC27A62198B6158901C /* Pods_NewsApp_Qulix.framework */; };
		B0189F9026D652F8003FD8B0 /* NewsModel.swift in Sources */ = {isa = PBXBuildFile; fileRef = B0189F8F26D652F8003FD8B0 /* NewsModel.swift */; };
		B0189F9726D65A6B003FD8B0 /* NewsPresenterProtocol.swift in Sources */ = {isa = PBXBuildFile; fileRef = B0189F9626D65A6B003FD8B0 /* NewsPresenterProtocol.swift */; };
		B0189F9926D65D5D003FD8B0 /* NewsViewControllerProtocol.swift in Sources */ = {isa = PBXBuildFile; fileRef = B0189F9826D65D5D003FD8B0 /* NewsViewControllerProtocol.swift */; };
		B0189F9B26D66264003FD8B0 /* ArticleModel.swift in Sources */ = {isa = PBXBuildFile; fileRef = B0189F9A26D66264003FD8B0 /* ArticleModel.swift */; };
		B0189F9D26D66BC8003FD8B0 /* DateFormatterManager.swift in Sources */ = {isa = PBXBuildFile; fileRef = B0189F9C26D66BC8003FD8B0 /* DateFormatterManager.swift */; };
		B0189F9F26D682A3003FD8B0 /* Reachability.swift in Sources */ = {isa = PBXBuildFile; fileRef = B0189F9E26D682A3003FD8B0 /* Reachability.swift */; };
		B04D38EA26CE3C58000A604B /* AppDelegate.swift in Sources */ = {isa = PBXBuildFile; fileRef = B04D38E926CE3C58000A604B /* AppDelegate.swift */; };
		B04D38EC26CE3C58000A604B /* SceneDelegate.swift in Sources */ = {isa = PBXBuildFile; fileRef = B04D38EB26CE3C58000A604B /* SceneDelegate.swift */; };
		B04D38EE26CE3C58000A604B /* NewsViewController.swift in Sources */ = {isa = PBXBuildFile; fileRef = B04D38ED26CE3C58000A604B /* NewsViewController.swift */; };
		B04D38F126CE3C58000A604B /* Main.storyboard in Resources */ = {isa = PBXBuildFile; fileRef = B04D38EF26CE3C58000A604B /* Main.storyboard */; };
		B04D38F326CE3C5A000A604B /* Assets.xcassets in Resources */ = {isa = PBXBuildFile; fileRef = B04D38F226CE3C5A000A604B /* Assets.xcassets */; };
		B04D38F626CE3C5A000A604B /* LaunchScreen.storyboard in Resources */ = {isa = PBXBuildFile; fileRef = B04D38F426CE3C5A000A604B /* LaunchScreen.storyboard */; };
		B04D38FF26CE3EF0000A604B /* NetworkRequestManager.swift in Sources */ = {isa = PBXBuildFile; fileRef = B04D38FE26CE3EF0000A604B /* NetworkRequestManager.swift */; };
		B04D390726CE3FED000A604B /* NewsJSON.swift in Sources */ = {isa = PBXBuildFile; fileRef = B04D390626CE3FED000A604B /* NewsJSON.swift */; };
		B04D390926CE4047000A604B /* ArticleJSON.swift in Sources */ = {isa = PBXBuildFile; fileRef = B04D390826CE4047000A604B /* ArticleJSON.swift */; };
		B04D390C26CE64C3000A604B /* Image.swift in Sources */ = {isa = PBXBuildFile; fileRef = B04D390B26CE64C3000A604B /* Image.swift */; };
		B04D391026CE76FF000A604B /* FilesManager.swift in Sources */ = {isa = PBXBuildFile; fileRef = B04D390F26CE76FF000A604B /* FilesManager.swift */; };
		B083597C26D36652003FE454 /* NewsTableViewCell.swift in Sources */ = {isa = PBXBuildFile; fileRef = B083597A26D36652003FE454 /* NewsTableViewCell.swift */; };
		B083597D26D36652003FE454 /* NewsTableViewCell.xib in Resources */ = {isa = PBXBuildFile; fileRef = B083597B26D36652003FE454 /* NewsTableViewCell.xib */; };
		B083597F26D4BB79003FE454 /* NewsPresenter.swift in Sources */ = {isa = PBXBuildFile; fileRef = B083597E26D4BB79003FE454 /* NewsPresenter.swift */; };
/* End PBXBuildFile section */

/* Begin PBXFileReference section */
		073EC0DB0E9C23589D958E1C /* Pods-NewsApp_Qulix.release.xcconfig */ = {isa = PBXFileReference; includeInIndex = 1; lastKnownFileType = text.xcconfig; name = "Pods-NewsApp_Qulix.release.xcconfig"; path = "Target Support Files/Pods-NewsApp_Qulix/Pods-NewsApp_Qulix.release.xcconfig"; sourceTree = "<group>"; };
		09213AC27A62198B6158901C /* Pods_NewsApp_Qulix.framework */ = {isa = PBXFileReference; explicitFileType = wrapper.framework; includeInIndex = 0; path = Pods_NewsApp_Qulix.framework; sourceTree = BUILT_PRODUCTS_DIR; };
		A09827E9ED9FA993D2E9E0C3 /* Pods-NewsApp_Qulix.debug.xcconfig */ = {isa = PBXFileReference; includeInIndex = 1; lastKnownFileType = text.xcconfig; name = "Pods-NewsApp_Qulix.debug.xcconfig"; path = "Target Support Files/Pods-NewsApp_Qulix/Pods-NewsApp_Qulix.debug.xcconfig"; sourceTree = "<group>"; };
		B0189F8F26D652F8003FD8B0 /* NewsModel.swift */ = {isa = PBXFileReference; lastKnownFileType = sourcecode.swift; path = NewsModel.swift; sourceTree = "<group>"; };
		B0189F9626D65A6B003FD8B0 /* NewsPresenterProtocol.swift */ = {isa = PBXFileReference; lastKnownFileType = sourcecode.swift; path = NewsPresenterProtocol.swift; sourceTree = "<group>"; };
		B0189F9826D65D5D003FD8B0 /* NewsViewControllerProtocol.swift */ = {isa = PBXFileReference; lastKnownFileType = sourcecode.swift; path = NewsViewControllerProtocol.swift; sourceTree = "<group>"; };
		B0189F9A26D66264003FD8B0 /* ArticleModel.swift */ = {isa = PBXFileReference; lastKnownFileType = sourcecode.swift; path = ArticleModel.swift; sourceTree = "<group>"; };
		B0189F9C26D66BC8003FD8B0 /* DateFormatterManager.swift */ = {isa = PBXFileReference; lastKnownFileType = sourcecode.swift; path = DateFormatterManager.swift; sourceTree = "<group>"; };
		B0189F9E26D682A3003FD8B0 /* Reachability.swift */ = {isa = PBXFileReference; lastKnownFileType = sourcecode.swift; path = Reachability.swift; sourceTree = "<group>"; };
		B04D38E626CE3C58000A604B /* Newwy.app */ = {isa = PBXFileReference; explicitFileType = wrapper.application; includeInIndex = 0; path = Newwy.app; sourceTree = BUILT_PRODUCTS_DIR; };
		B04D38E926CE3C58000A604B /* AppDelegate.swift */ = {isa = PBXFileReference; lastKnownFileType = sourcecode.swift; path = AppDelegate.swift; sourceTree = "<group>"; };
		B04D38EB26CE3C58000A604B /* SceneDelegate.swift */ = {isa = PBXFileReference; lastKnownFileType = sourcecode.swift; path = SceneDelegate.swift; sourceTree = "<group>"; };
		B04D38ED26CE3C58000A604B /* NewsViewController.swift */ = {isa = PBXFileReference; lastKnownFileType = sourcecode.swift; path = NewsViewController.swift; sourceTree = "<group>"; };
		B04D38F026CE3C58000A604B /* Base */ = {isa = PBXFileReference; lastKnownFileType = file.storyboard; name = Base; path = Base.lproj/Main.storyboard; sourceTree = "<group>"; };
		B04D38F226CE3C5A000A604B /* Assets.xcassets */ = {isa = PBXFileReference; lastKnownFileType = folder.assetcatalog; path = Assets.xcassets; sourceTree = "<group>"; };
		B04D38F526CE3C5A000A604B /* Base */ = {isa = PBXFileReference; lastKnownFileType = file.storyboard; name = Base; path = Base.lproj/LaunchScreen.storyboard; sourceTree = "<group>"; };
		B04D38F726CE3C5A000A604B /* Info.plist */ = {isa = PBXFileReference; lastKnownFileType = text.plist.xml; path = Info.plist; sourceTree = "<group>"; };
		B04D38FE26CE3EF0000A604B /* NetworkRequestManager.swift */ = {isa = PBXFileReference; lastKnownFileType = sourcecode.swift; path = NetworkRequestManager.swift; sourceTree = "<group>"; };
		B04D390626CE3FED000A604B /* NewsJSON.swift */ = {isa = PBXFileReference; lastKnownFileType = sourcecode.swift; path = NewsJSON.swift; sourceTree = "<group>"; };
		B04D390826CE4047000A604B /* ArticleJSON.swift */ = {isa = PBXFileReference; lastKnownFileType = sourcecode.swift; path = ArticleJSON.swift; sourceTree = "<group>"; };
		B04D390B26CE64C3000A604B /* Image.swift */ = {isa = PBXFileReference; lastKnownFileType = sourcecode.swift; path = Image.swift; sourceTree = "<group>"; };
		B04D390F26CE76FF000A604B /* FilesManager.swift */ = {isa = PBXFileReference; lastKnownFileType = sourcecode.swift; path = FilesManager.swift; sourceTree = "<group>"; };
		B083597A26D36652003FE454 /* NewsTableViewCell.swift */ = {isa = PBXFileReference; lastKnownFileType = sourcecode.swift; path = NewsTableViewCell.swift; sourceTree = "<group>"; };
		B083597B26D36652003FE454 /* NewsTableViewCell.xib */ = {isa = PBXFileReference; lastKnownFileType = file.xib; path = NewsTableViewCell.xib; sourceTree = "<group>"; };
		B083597E26D4BB79003FE454 /* NewsPresenter.swift */ = {isa = PBXFileReference; lastKnownFileType = sourcecode.swift; path = NewsPresenter.swift; sourceTree = "<group>"; };
/* End PBXFileReference section */

/* Begin PBXFrameworksBuildPhase section */
		B04D38E326CE3C58000A604B /* Frameworks */ = {
			isa = PBXFrameworksBuildPhase;
			buildActionMask = 2147483647;
			files = (
				0D56C1F7D2FA755014D2F469 /* Pods_NewsApp_Qulix.framework in Frameworks */,
			);
			runOnlyForDeploymentPostprocessing = 0;
		};
/* End PBXFrameworksBuildPhase section */

/* Begin PBXGroup section */
		3A6042961FE57E39A8B3599B /* Frameworks */ = {
			isa = PBXGroup;
			children = (
				09213AC27A62198B6158901C /* Pods_NewsApp_Qulix.framework */,
			);
			name = Frameworks;
			sourceTree = "<group>";
		};
		B0189F9126D65328003FD8B0 /* Resourses */ = {
			isa = PBXGroup;
			children = (
				B04D38F226CE3C5A000A604B /* Assets.xcassets */,
			);
			path = Resourses;
			sourceTree = "<group>";
		};
		B0189F9226D65342003FD8B0 /* Application */ = {
			isa = PBXGroup;
			children = (
				B04D38E926CE3C58000A604B /* AppDelegate.swift */,
				B04D38EB26CE3C58000A604B /* SceneDelegate.swift */,
				B04D38F726CE3C5A000A604B /* Info.plist */,
			);
			path = Application;
			sourceTree = "<group>";
		};
		B0189F9326D65363003FD8B0 /* Storyboards */ = {
			isa = PBXGroup;
			children = (
				B04D38EF26CE3C58000A604B /* Main.storyboard */,
				B04D38F426CE3C5A000A604B /* LaunchScreen.storyboard */,
			);
			path = Storyboards;
			sourceTree = "<group>";
		};
		B0189F9426D653F7003FD8B0 /* Views */ = {
			isa = PBXGroup;
			children = (
				B04D38ED26CE3C58000A604B /* NewsViewController.swift */,
				B0189F9826D65D5D003FD8B0 /* NewsViewControllerProtocol.swift */,
			);
			path = Views;
			sourceTree = "<group>";
		};
		B0189F9526D65405003FD8B0 /* Presenters */ = {
			isa = PBXGroup;
			children = (
				B083597E26D4BB79003FE454 /* NewsPresenter.swift */,
				B0189F9626D65A6B003FD8B0 /* NewsPresenterProtocol.swift */,
			);
			path = Presenters;
			sourceTree = "<group>";
		};
		B0189FA226D77921003FD8B0 /* NewsTableViewCell */ = {
			isa = PBXGroup;
			children = (
				B083597A26D36652003FE454 /* NewsTableViewCell.swift */,
				B083597B26D36652003FE454 /* NewsTableViewCell.xib */,
			);
			path = NewsTableViewCell;
			sourceTree = "<group>";
		};
		B04D38DD26CE3C58000A604B = {
			isa = PBXGroup;
			children = (
				B04D38E826CE3C58000A604B /* NewsApp_Qulix */,
				B04D38E726CE3C58000A604B /* Products */,
				F8FE7188764D9B78C82ED30B /* Pods */,
				3A6042961FE57E39A8B3599B /* Frameworks */,
			);
			sourceTree = "<group>";
		};
		B04D38E726CE3C58000A604B /* Products */ = {
			isa = PBXGroup;
			children = (
				B04D38E626CE3C58000A604B /* Newwy.app */,
			);
			name = Products;
			sourceTree = "<group>";
		};
		B04D38E826CE3C58000A604B /* NewsApp_Qulix */ = {
			isa = PBXGroup;
			children = (
				B0189F9226D65342003FD8B0 /* Application */,
				B04D391126CE7705000A604B /* Helpers */,
				B04D390A26CE64AD000A604B /* Models */,
				B0189F9126D65328003FD8B0 /* Resourses */,
				B0189F9326D65363003FD8B0 /* Storyboards */,
				B0189F9526D65405003FD8B0 /* Presenters */,
				B0189F9426D653F7003FD8B0 /* Views */,
				B04D390026CE3F07000A604B /* xib */,
			);
			path = NewsApp_Qulix;
			sourceTree = "<group>";
		};
		B04D390026CE3F07000A604B /* xib */ = {
			isa = PBXGroup;
			children = (
				B0189FA226D77921003FD8B0 /* NewsTableViewCell */,
			);
			path = xib;
			sourceTree = "<group>";
		};
		B04D390526CE3F7F000A604B /* JSONModels */ = {
			isa = PBXGroup;
			children = (
				B04D390626CE3FED000A604B /* NewsJSON.swift */,
				B04D390826CE4047000A604B /* ArticleJSON.swift */,
			);
			path = JSONModels;
			sourceTree = "<group>";
		};
		B04D390A26CE64AD000A604B /* Models */ = {
			isa = PBXGroup;
			children = (
				B04D390526CE3F7F000A604B /* JSONModels */,
				B0189F8F26D652F8003FD8B0 /* NewsModel.swift */,
				B0189F9A26D66264003FD8B0 /* ArticleModel.swift */,
				B04D390B26CE64C3000A604B /* Image.swift */,
			);
			path = Models;
			sourceTree = "<group>";
		};
		B04D391126CE7705000A604B /* Helpers */ = {
			isa = PBXGroup;
			children = (
				B04D390F26CE76FF000A604B /* FilesManager.swift */,
				B04D38FE26CE3EF0000A604B /* NetworkRequestManager.swift */,
				B0189F9C26D66BC8003FD8B0 /* DateFormatterManager.swift */,
				B0189F9E26D682A3003FD8B0 /* Reachability.swift */,
			);
			path = Helpers;
			sourceTree = "<group>";
		};
		F8FE7188764D9B78C82ED30B /* Pods */ = {
			isa = PBXGroup;
			children = (
				A09827E9ED9FA993D2E9E0C3 /* Pods-NewsApp_Qulix.debug.xcconfig */,
				073EC0DB0E9C23589D958E1C /* Pods-NewsApp_Qulix.release.xcconfig */,
			);
			path = Pods;
			sourceTree = "<group>";
		};
/* End PBXGroup section */

/* Begin PBXNativeTarget section */
		B04D38E526CE3C58000A604B /* NewsApp_Qulix */ = {
			isa = PBXNativeTarget;
			buildConfigurationList = B04D38FA26CE3C5A000A604B /* Build configuration list for PBXNativeTarget "NewsApp_Qulix" */;
			buildPhases = (
				CCA2342B14CCAAA811939593 /* [CP] Check Pods Manifest.lock */,
				B04D38FD26CE3D2E000A604B /* SwiftLint */,
				B04D38E226CE3C58000A604B /* Sources */,
				B04D38E326CE3C58000A604B /* Frameworks */,
				B04D38E426CE3C58000A604B /* Resources */,
				FD04C9D056FA8FF0DF8A3C97 /* [CP] Embed Pods Frameworks */,
			);
			buildRules = (
			);
			dependencies = (
			);
			name = NewsApp_Qulix;
			productName = NewsApp_Qulix;
			productReference = B04D38E626CE3C58000A604B /* Newwy.app */;
			productType = "com.apple.product-type.application";
		};
/* End PBXNativeTarget section */

/* Begin PBXProject section */
		B04D38DE26CE3C58000A604B /* Project object */ = {
			isa = PBXProject;
			attributes = {
				LastSwiftUpdateCheck = 1250;
				LastUpgradeCheck = 1250;
				TargetAttributes = {
					B04D38E526CE3C58000A604B = {
						CreatedOnToolsVersion = 12.5;
					};
				};
			};
			buildConfigurationList = B04D38E126CE3C58000A604B /* Build configuration list for PBXProject "NewsApp_Qulix" */;
			compatibilityVersion = "Xcode 9.3";
			developmentRegion = en;
			hasScannedForEncodings = 0;
			knownRegions = (
				en,
				Base,
			);
			mainGroup = B04D38DD26CE3C58000A604B;
			productRefGroup = B04D38E726CE3C58000A604B /* Products */;
			projectDirPath = "";
			projectRoot = "";
			targets = (
				B04D38E526CE3C58000A604B /* NewsApp_Qulix */,
			);
		};
/* End PBXProject section */

/* Begin PBXResourcesBuildPhase section */
		B04D38E426CE3C58000A604B /* Resources */ = {
			isa = PBXResourcesBuildPhase;
			buildActionMask = 2147483647;
			files = (
				B04D38F626CE3C5A000A604B /* LaunchScreen.storyboard in Resources */,
				B04D38F326CE3C5A000A604B /* Assets.xcassets in Resources */,
				B04D38F126CE3C58000A604B /* Main.storyboard in Resources */,
				B083597D26D36652003FE454 /* NewsTableViewCell.xib in Resources */,
			);
			runOnlyForDeploymentPostprocessing = 0;
		};
/* End PBXResourcesBuildPhase section */

/* Begin PBXShellScriptBuildPhase section */
		B04D38FD26CE3D2E000A604B /* SwiftLint */ = {
			isa = PBXShellScriptBuildPhase;
			buildActionMask = 2147483647;
			files = (
			);
			inputFileListPaths = (
			);
			inputPaths = (
			);
			name = SwiftLint;
			outputFileListPaths = (
			);
			outputPaths = (
			);
			runOnlyForDeploymentPostprocessing = 0;
			shellPath = /bin/sh;
			shellScript = "\"${PODS_ROOT}/SwiftLint/swiftlint\"\n";
		};
		CCA2342B14CCAAA811939593 /* [CP] Check Pods Manifest.lock */ = {
			isa = PBXShellScriptBuildPhase;
			buildActionMask = 2147483647;
			files = (
			);
			inputFileListPaths = (
			);
			inputPaths = (
				"${PODS_PODFILE_DIR_PATH}/Podfile.lock",
				"${PODS_ROOT}/Manifest.lock",
			);
			name = "[CP] Check Pods Manifest.lock";
			outputFileListPaths = (
			);
			outputPaths = (
				"$(DERIVED_FILE_DIR)/Pods-NewsApp_Qulix-checkManifestLockResult.txt",
			);
			runOnlyForDeploymentPostprocessing = 0;
			shellPath = /bin/sh;
			shellScript = "diff \"${PODS_PODFILE_DIR_PATH}/Podfile.lock\" \"${PODS_ROOT}/Manifest.lock\" > /dev/null\nif [ $? != 0 ] ; then\n    # print error to STDERR\n    echo \"error: The sandbox is not in sync with the Podfile.lock. Run 'pod install' or update your CocoaPods installation.\" >&2\n    exit 1\nfi\n# This output is used by Xcode 'outputs' to avoid re-running this script phase.\necho \"SUCCESS\" > \"${SCRIPT_OUTPUT_FILE_0}\"\n";
			showEnvVarsInLog = 0;
		};
		FD04C9D056FA8FF0DF8A3C97 /* [CP] Embed Pods Frameworks */ = {
			isa = PBXShellScriptBuildPhase;
			buildActionMask = 2147483647;
			files = (
			);
			inputFileListPaths = (
				"${PODS_ROOT}/Target Support Files/Pods-NewsApp_Qulix/Pods-NewsApp_Qulix-frameworks-${CONFIGURATION}-input-files.xcfilelist",
			);
			name = "[CP] Embed Pods Frameworks";
			outputFileListPaths = (
				"${PODS_ROOT}/Target Support Files/Pods-NewsApp_Qulix/Pods-NewsApp_Qulix-frameworks-${CONFIGURATION}-output-files.xcfilelist",
			);
			runOnlyForDeploymentPostprocessing = 0;
			shellPath = /bin/sh;
			shellScript = "\"${PODS_ROOT}/Target Support Files/Pods-NewsApp_Qulix/Pods-NewsApp_Qulix-frameworks.sh\"\n";
			showEnvVarsInLog = 0;
		};
/* End PBXShellScriptBuildPhase section */

/* Begin PBXSourcesBuildPhase section */
		B04D38E226CE3C58000A604B /* Sources */ = {
			isa = PBXSourcesBuildPhase;
			buildActionMask = 2147483647;
			files = (
				B0189F9026D652F8003FD8B0 /* NewsModel.swift in Sources */,
				B0189F9D26D66BC8003FD8B0 /* DateFormatterManager.swift in Sources */,
				B04D390926CE4047000A604B /* ArticleJSON.swift in Sources */,
				B083597C26D36652003FE454 /* NewsTableViewCell.swift in Sources */,
				B0189F9726D65A6B003FD8B0 /* NewsPresenterProtocol.swift in Sources */,
				B04D391026CE76FF000A604B /* FilesManager.swift in Sources */,
				B0189F9926D65D5D003FD8B0 /* NewsViewControllerProtocol.swift in Sources */,
				B04D390C26CE64C3000A604B /* Image.swift in Sources */,
				B04D390726CE3FED000A604B /* NewsJSON.swift in Sources */,
				B04D38EE26CE3C58000A604B /* NewsViewController.swift in Sources */,
				B04D38FF26CE3EF0000A604B /* NetworkRequestManager.swift in Sources */,
				B04D38EA26CE3C58000A604B /* AppDelegate.swift in Sources */,
				B083597F26D4BB79003FE454 /* NewsPresenter.swift in Sources */,
				B0189F9B26D66264003FD8B0 /* ArticleModel.swift in Sources */,
				B0189F9F26D682A3003FD8B0 /* Reachability.swift in Sources */,
				B04D38EC26CE3C58000A604B /* SceneDelegate.swift in Sources */,
			);
			runOnlyForDeploymentPostprocessing = 0;
		};
/* End PBXSourcesBuildPhase section */

/* Begin PBXVariantGroup section */
		B04D38EF26CE3C58000A604B /* Main.storyboard */ = {
			isa = PBXVariantGroup;
			children = (
				B04D38F026CE3C58000A604B /* Base */,
			);
			name = Main.storyboard;
			sourceTree = "<group>";
		};
		B04D38F426CE3C5A000A604B /* LaunchScreen.storyboard */ = {
			isa = PBXVariantGroup;
			children = (
				B04D38F526CE3C5A000A604B /* Base */,
			);
			name = LaunchScreen.storyboard;
			sourceTree = "<group>";
		};
/* End PBXVariantGroup section */

/* Begin XCBuildConfiguration section */
		B04D38F826CE3C5A000A604B /* Debug */ = {
			isa = XCBuildConfiguration;
			buildSettings = {
				ALWAYS_SEARCH_USER_PATHS = NO;
				CLANG_ANALYZER_NONNULL = YES;
				CLANG_ANALYZER_NUMBER_OBJECT_CONVERSION = YES_AGGRESSIVE;
				CLANG_CXX_LANGUAGE_STANDARD = "gnu++14";
				CLANG_CXX_LIBRARY = "libc++";
				CLANG_ENABLE_MODULES = YES;
				CLANG_ENABLE_OBJC_ARC = YES;
				CLANG_ENABLE_OBJC_WEAK = YES;
				CLANG_WARN_BLOCK_CAPTURE_AUTORELEASING = YES;
				CLANG_WARN_BOOL_CONVERSION = YES;
				CLANG_WARN_COMMA = YES;
				CLANG_WARN_CONSTANT_CONVERSION = YES;
				CLANG_WARN_DEPRECATED_OBJC_IMPLEMENTATIONS = YES;
				CLANG_WARN_DIRECT_OBJC_ISA_USAGE = YES_ERROR;
				CLANG_WARN_DOCUMENTATION_COMMENTS = YES;
				CLANG_WARN_EMPTY_BODY = YES;
				CLANG_WARN_ENUM_CONVERSION = YES;
				CLANG_WARN_INFINITE_RECURSION = YES;
				CLANG_WARN_INT_CONVERSION = YES;
				CLANG_WARN_NON_LITERAL_NULL_CONVERSION = YES;
				CLANG_WARN_OBJC_IMPLICIT_RETAIN_SELF = YES;
				CLANG_WARN_OBJC_LITERAL_CONVERSION = YES;
				CLANG_WARN_OBJC_ROOT_CLASS = YES_ERROR;
				CLANG_WARN_QUOTED_INCLUDE_IN_FRAMEWORK_HEADER = YES;
				CLANG_WARN_RANGE_LOOP_ANALYSIS = YES;
				CLANG_WARN_STRICT_PROTOTYPES = YES;
				CLANG_WARN_SUSPICIOUS_MOVE = YES;
				CLANG_WARN_UNGUARDED_AVAILABILITY = YES_AGGRESSIVE;
				CLANG_WARN_UNREACHABLE_CODE = YES;
				CLANG_WARN__DUPLICATE_METHOD_MATCH = YES;
				COPY_PHASE_STRIP = NO;
				DEBUG_INFORMATION_FORMAT = dwarf;
				ENABLE_STRICT_OBJC_MSGSEND = YES;
				ENABLE_TESTABILITY = YES;
				GCC_C_LANGUAGE_STANDARD = gnu11;
				GCC_DYNAMIC_NO_PIC = NO;
				GCC_NO_COMMON_BLOCKS = YES;
				GCC_OPTIMIZATION_LEVEL = 0;
				GCC_PREPROCESSOR_DEFINITIONS = (
					"DEBUG=1",
					"$(inherited)",
				);
				GCC_WARN_64_TO_32_BIT_CONVERSION = YES;
				GCC_WARN_ABOUT_RETURN_TYPE = YES_ERROR;
				GCC_WARN_UNDECLARED_SELECTOR = YES;
				GCC_WARN_UNINITIALIZED_AUTOS = YES_AGGRESSIVE;
				GCC_WARN_UNUSED_FUNCTION = YES;
				GCC_WARN_UNUSED_VARIABLE = YES;
				IPHONEOS_DEPLOYMENT_TARGET = 14.5;
				MTL_ENABLE_DEBUG_INFO = INCLUDE_SOURCE;
				MTL_FAST_MATH = YES;
				ONLY_ACTIVE_ARCH = YES;
				SDKROOT = iphoneos;
				SWIFT_ACTIVE_COMPILATION_CONDITIONS = DEBUG;
				SWIFT_OPTIMIZATION_LEVEL = "-Onone";
			};
			name = Debug;
		};
		B04D38F926CE3C5A000A604B /* Release */ = {
			isa = XCBuildConfiguration;
			buildSettings = {
				ALWAYS_SEARCH_USER_PATHS = NO;
				CLANG_ANALYZER_NONNULL = YES;
				CLANG_ANALYZER_NUMBER_OBJECT_CONVERSION = YES_AGGRESSIVE;
				CLANG_CXX_LANGUAGE_STANDARD = "gnu++14";
				CLANG_CXX_LIBRARY = "libc++";
				CLANG_ENABLE_MODULES = YES;
				CLANG_ENABLE_OBJC_ARC = YES;
				CLANG_ENABLE_OBJC_WEAK = YES;
				CLANG_WARN_BLOCK_CAPTURE_AUTORELEASING = YES;
				CLANG_WARN_BOOL_CONVERSION = YES;
				CLANG_WARN_COMMA = YES;
				CLANG_WARN_CONSTANT_CONVERSION = YES;
				CLANG_WARN_DEPRECATED_OBJC_IMPLEMENTATIONS = YES;
				CLANG_WARN_DIRECT_OBJC_ISA_USAGE = YES_ERROR;
				CLANG_WARN_DOCUMENTATION_COMMENTS = YES;
				CLANG_WARN_EMPTY_BODY = YES;
				CLANG_WARN_ENUM_CONVERSION = YES;
				CLANG_WARN_INFINITE_RECURSION = YES;
				CLANG_WARN_INT_CONVERSION = YES;
				CLANG_WARN_NON_LITERAL_NULL_CONVERSION = YES;
				CLANG_WARN_OBJC_IMPLICIT_RETAIN_SELF = YES;
				CLANG_WARN_OBJC_LITERAL_CONVERSION = YES;
				CLANG_WARN_OBJC_ROOT_CLASS = YES_ERROR;
				CLANG_WARN_QUOTED_INCLUDE_IN_FRAMEWORK_HEADER = YES;
				CLANG_WARN_RANGE_LOOP_ANALYSIS = YES;
				CLANG_WARN_STRICT_PROTOTYPES = YES;
				CLANG_WARN_SUSPICIOUS_MOVE = YES;
				CLANG_WARN_UNGUARDED_AVAILABILITY = YES_AGGRESSIVE;
				CLANG_WARN_UNREACHABLE_CODE = YES;
				CLANG_WARN__DUPLICATE_METHOD_MATCH = YES;
				COPY_PHASE_STRIP = NO;
				DEBUG_INFORMATION_FORMAT = "dwarf-with-dsym";
				ENABLE_NS_ASSERTIONS = NO;
				ENABLE_STRICT_OBJC_MSGSEND = YES;
				GCC_C_LANGUAGE_STANDARD = gnu11;
				GCC_NO_COMMON_BLOCKS = YES;
				GCC_WARN_64_TO_32_BIT_CONVERSION = YES;
				GCC_WARN_ABOUT_RETURN_TYPE = YES_ERROR;
				GCC_WARN_UNDECLARED_SELECTOR = YES;
				GCC_WARN_UNINITIALIZED_AUTOS = YES_AGGRESSIVE;
				GCC_WARN_UNUSED_FUNCTION = YES;
				GCC_WARN_UNUSED_VARIABLE = YES;
				IPHONEOS_DEPLOYMENT_TARGET = 14.5;
				MTL_ENABLE_DEBUG_INFO = NO;
				MTL_FAST_MATH = YES;
				SDKROOT = iphoneos;
				SWIFT_COMPILATION_MODE = wholemodule;
				SWIFT_OPTIMIZATION_LEVEL = "-O";
				VALIDATE_PRODUCT = YES;
			};
			name = Release;
		};
		B04D38FB26CE3C5A000A604B /* Debug */ = {
			isa = XCBuildConfiguration;
			baseConfigurationReference = A09827E9ED9FA993D2E9E0C3 /* Pods-NewsApp_Qulix.debug.xcconfig */;
			buildSettings = {
				ASSETCATALOG_COMPILER_APPICON_NAME = AppIcon;
				ASSETCATALOG_COMPILER_GLOBAL_ACCENT_COLOR_NAME = AccentColor;
				CODE_SIGN_STYLE = Automatic;
				DEVELOPMENT_TEAM = SSDHB2CNTR;
				INFOPLIST_FILE = NewsApp_Qulix/Application/Info.plist;
				LD_RUNPATH_SEARCH_PATHS = (
					"$(inherited)",
					"@executable_path/Frameworks",
				);
				PRODUCT_BUNDLE_IDENTIFIER = "com.atrakhimovich.www.NewsApp-Qulix";
				PRODUCT_NAME = Newwy;
				SWIFT_VERSION = 5.0;
				TARGETED_DEVICE_FAMILY = "1,2";
			};
			name = Debug;
		};
		B04D38FC26CE3C5A000A604B /* Release */ = {
			isa = XCBuildConfiguration;
			baseConfigurationReference = 073EC0DB0E9C23589D958E1C /* Pods-NewsApp_Qulix.release.xcconfig */;
			buildSettings = {
				ASSETCATALOG_COMPILER_APPICON_NAME = AppIcon;
				ASSETCATALOG_COMPILER_GLOBAL_ACCENT_COLOR_NAME = AccentColor;
				CODE_SIGN_STYLE = Automatic;
				DEVELOPMENT_TEAM = SSDHB2CNTR;
				INFOPLIST_FILE = NewsApp_Qulix/Application/Info.plist;
				LD_RUNPATH_SEARCH_PATHS = (
					"$(inherited)",
					"@executable_path/Frameworks",
				);
				PRODUCT_BUNDLE_IDENTIFIER = "com.atrakhimovich.www.NewsApp-Qulix";
				PRODUCT_NAME = Newwy;
				SWIFT_VERSION = 5.0;
				TARGETED_DEVICE_FAMILY = "1,2";
			};
			name = Release;
		};
/* End XCBuildConfiguration section */

/* Begin XCConfigurationList section */
		B04D38E126CE3C58000A604B /* Build configuration list for PBXProject "NewsApp_Qulix" */ = {
			isa = XCConfigurationList;
			buildConfigurations = (
				B04D38F826CE3C5A000A604B /* Debug */,
				B04D38F926CE3C5A000A604B /* Release */,
			);
			defaultConfigurationIsVisible = 0;
			defaultConfigurationName = Release;
		};
		B04D38FA26CE3C5A000A604B /* Build configuration list for PBXNativeTarget "NewsApp_Qulix" */ = {
			isa = XCConfigurationList;
			buildConfigurations = (
				B04D38FB26CE3C5A000A604B /* Debug */,
				B04D38FC26CE3C5A000A604B /* Release */,
			);
			defaultConfigurationIsVisible = 0;
			defaultConfigurationName = Release;
		};
/* End XCConfigurationList section */
	};
	rootObject = B04D38DE26CE3C58000A604B /* Project object */;
}
